
Microsoft Visual Studio Solution File, Format Version 12.00
# Visual Studio 2013
Project("{FAE04EC0-301F-11D3-BF4B-00C04F79EFBC}") = "BookRecommendSystem.CSharp", "BookRecommendSystem.CSharp.csproj", "{8D226673-2D1A-7455-A558-7396D5F3A517}"
EndProject
Project("{FAE04EC0-301F-11D3-BF4B-00C04F79EFBC}") = "BookRecommendSystem.CSharp.Plugins", "BookRecommendSystem.CSharp.Plugins.csproj", "{A136BCD2-F824-8071-D0C7-CF0B5AB3B875}"
EndProject
Project("{FAE04EC0-301F-11D3-BF4B-00C04F79EFBC}") = "BookRecommendSystem.CSharp.Editor.Plugins", "BookRecommendSystem.CSharp.Editor.Plugins.csproj", "{6DD5A7BF-3943-EF37-1F45-B3B66A820F1B}"
EndProject
Global
	GlobalSection(SolutionConfigurationPlatforms) = preSolution
		Debug|Any CPU = Debug|Any CPU
		Release|Any CPU = Release|Any CPU
	EndGlobalSection
	GlobalSection(ProjectConfigurationPlatforms) = postSolution
		{8D226673-2D1A-7455-A558-7396D5F3A517}.Debug|Any CPU.ActiveCfg = Debug|Any CPU
		{8D226673-2D1A-7455-A558-7396D5F3A517}.Debug|Any CPU.Build.0 = Debug|Any CPU
		{8D226673-2D1A-7455-A558-7396D5F3A517}.Release|Any CPU.ActiveCfg = Release|Any CPU
		{8D226673-2D1A-7455-A558-7396D5F3A517}.Release|Any CPU.Build.0 = Release|Any CPU
		{A136BCD2-F824-8071-D0C7-CF0B5AB3B875}.Debug|Any CPU.ActiveCfg = Debug|Any CPU
		{A136BCD2-F824-8071-D0C7-CF0B5AB3B875}.Debug|Any CPU.Build.0 = Debug|Any CPU
		{A136BCD2-F824-8071-D0C7-CF0B5AB3B875}.Release|Any CPU.ActiveCfg = Release|Any CPU
		{A136BCD2-F824-8071-D0C7-CF0B5AB3B875}.Release|Any CPU.Build.0 = Release|Any CPU
		{6DD5A7BF-3943-EF37-1F45-B3B66A820F1B}.Debug|Any CPU.ActiveCfg = Debug|Any CPU
		{6DD5A7BF-3943-EF37-1F45-B3B66A820F1B}.Debug|Any CPU.Build.0 = Debug|Any CPU
		{6DD5A7BF-3943-EF37-1F45-B3B66A820F1B}.Release|Any CPU.ActiveCfg = Release|Any CPU
		{6DD5A7BF-3943-EF37-1F45-B3B66A820F1B}.Release|Any CPU.Build.0 = Release|Any CPU
	EndGlobalSection
	GlobalSection(SolutionProperties) = preSolution
		HideSolutionNode = FALSE
	EndGlobalSection
EndGlobal
